
Microsoft Visual Studio Solution File, Format Version 12.00
# Visual Studio Version 17
VisualStudioVersion = 17.0.32014.148
MinimumVisualStudioVersion = 10.0.40219.1
Project("{2150E333-8FDC-42A3-9474-1A3956D46DE8}") = "Solution Items", "Solution Items", "{12CE1AA2-C4C3-486E-8BA4-C72A2ECC9456}"
	ProjectSection(SolutionItems) = preProject
		.editorconfig = .editorconfig
		docs\img\bindopen_icon.png = docs\img\bindopen_icon.png
		CREDITS.txt = CREDITS.txt
		docs\Current-Release-Note.md = docs\Current-Release-Note.md
		LICENSE = LICENSE
		README.md = README.md
		TODO.md = TODO.md
	EndProjectSection
EndProject
Project("{9A19103F-16F7-4668-BE54-9A1E7A4F7556}") = "Data", "src\Data\Data.csproj", "{E4825F6C-23EA-482E-B24F-4343926FF214}"
EndProject
Project("{9A19103F-16F7-4668-BE54-9A1E7A4F7556}") = "Scoping.Extensions", "src\Scoping.Extensions\Scoping.Extensions.csproj", "{BBA4194A-7110-443E-A1A1-1A1B6DA116C9}"
EndProject
Project("{9A19103F-16F7-4668-BE54-9A1E7A4F7556}") = "Scoping", "src\Scoping\Scoping.csproj", "{3446B2A6-E004-4F2A-895E-B20688D4C101}"
EndProject
Project("{9A19103F-16F7-4668-BE54-9A1E7A4F7556}") = "Scoping.Script", "src\Scoping.Script\Scoping.Script.csproj", "{2619D4F2-E40B-47A0-892D-625AE926630B}"
EndProject
Project("{9A19103F-16F7-4668-BE54-9A1E7A4F7556}") = "Abstractions", "src\Abstractions\Abstractions.csproj", "{48C4DBA4-544E-48BA-981F-E735ED6F8ED9}"
EndProject
Project("{2150E333-8FDC-42A3-9474-1A3956D46DE8}") = "Docs", "Docs", "{8DC93F7F-9AA7-4A7F-8E20-E1886A3428EF}"
EndProject
Project("{9A19103F-16F7-4668-BE54-9A1E7A4F7556}") = "BindOpen.Kernel.Docs", "docs\BindOpen.Kernel.Docs.csproj", "{59E4CC66-E39E-4A37-8A70-DEA1EEB289C0}"
EndProject
Project("{2150E333-8FDC-42A3-9474-1A3956D46DE8}") = "Dtos", "Dtos", "{FB354C89-5C93-4EB7-97A2-7DB9BF2A8C4C}"
EndProject
Project("{2150E333-8FDC-42A3-9474-1A3956D46DE8}") = "Scoping", "Scoping", "{00A1A3DE-DDEF-4179-9933-8BB1D324EB66}"
EndProject
Project("{2150E333-8FDC-42A3-9474-1A3956D46DE8}") = "Core", "Core", "{D03BF64E-80DF-4208-B7AF-3D1C8F605DC9}"
EndProject
Project("{FAE04EC0-301F-11D3-BF4B-00C04F79EFBC}") = "Dtos.Xsd", "src\Dtos.Xsd\Dtos.Xsd.csproj", "{0BC0D569-4BE7-49E3-ADBD-784CE8E712E9}"
EndProject
Project("{FAE04EC0-301F-11D3-BF4B-00C04F79EFBC}") = "Relational", "src\Relational\Relational.csproj", "{5D5B0052-F558-4D4A-A2F4-BC3739F6C026}"
EndProject
Project("{FAE04EC0-301F-11D3-BF4B-00C04F79EFBC}") = "Scoping.Tests", "tests\Scoping.Tests\Scoping.Tests.csproj", "{9E756374-A083-495B-B85F-00F0D8382B8B}"
EndProject
Project("{FAE04EC0-301F-11D3-BF4B-00C04F79EFBC}") = "Data.Tests", "tests\Data.Tests\Data.Tests.csproj", "{1805B385-A9CA-49B0-B80A-EC2AEDFAF45E}"
EndProject
Project("{2150E333-8FDC-42A3-9474-1A3956D46DE8}") = "Relational", "Relational", "{02EA681E-C7D8-13C7-8484-4AC65E1B71E8}"
EndProject
Project("{FAE04EC0-301F-11D3-BF4B-00C04F79EFBC}") = "Dtos.Tests", "tests\Dtos.Tests\Dtos.Tests.csproj", "{6B88CD84-8F6F-7FF4-B276-4605A9FEE46F}"
EndProject
Project("{FAE04EC0-301F-11D3-BF4B-00C04F79EFBC}") = "Relational.Tests", "tests\Relational.Tests\Relational.Tests.csproj", "{39A2FA0A-03AE-35F2-6717-FE7EF7212E9C}"
EndProject
Project("{FAE04EC0-301F-11D3-BF4B-00C04F79EFBC}") = "Dtos", "src\Dtos\Dtos.csproj", "{106FB52D-9C09-B866-946E-BA302058827F}"
EndProject
Project("{FAE04EC0-301F-11D3-BF4B-00C04F79EFBC}") = "Dtos.Models", "src\Dtos.Models\Dtos.Models.csproj", "{D9733997-5BAC-6518-41BE-8796898A4274}"
EndProject
Project("{FAE04EC0-301F-11D3-BF4B-00C04F79EFBC}") = "Relational.Models", "src\Relational.Models\Relational.Models.csproj", "{836EFA5F-40DD-66D7-086B-23824FF49912}"
EndProject
Global
	GlobalSection(SolutionConfigurationPlatforms) = preSolution
		Debug|Any CPU = Debug|Any CPU
		Release|Any CPU = Release|Any CPU
	EndGlobalSection
	GlobalSection(ProjectConfigurationPlatforms) = postSolution
		{E4825F6C-23EA-482E-B24F-4343926FF214}.Debug|Any CPU.ActiveCfg = Debug|Any CPU
		{E4825F6C-23EA-482E-B24F-4343926FF214}.Debug|Any CPU.Build.0 = Debug|Any CPU
		{E4825F6C-23EA-482E-B24F-4343926FF214}.Release|Any CPU.ActiveCfg = Release|Any CPU
		{E4825F6C-23EA-482E-B24F-4343926FF214}.Release|Any CPU.Build.0 = Release|Any CPU
		{BBA4194A-7110-443E-A1A1-1A1B6DA116C9}.Debug|Any CPU.ActiveCfg = Debug|Any CPU
		{BBA4194A-7110-443E-A1A1-1A1B6DA116C9}.Debug|Any CPU.Build.0 = Debug|Any CPU
		{BBA4194A-7110-443E-A1A1-1A1B6DA116C9}.Release|Any CPU.ActiveCfg = Release|Any CPU
		{BBA4194A-7110-443E-A1A1-1A1B6DA116C9}.Release|Any CPU.Build.0 = Release|Any CPU
		{3446B2A6-E004-4F2A-895E-B20688D4C101}.Debug|Any CPU.ActiveCfg = Debug|Any CPU
		{3446B2A6-E004-4F2A-895E-B20688D4C101}.Debug|Any CPU.Build.0 = Debug|Any CPU
		{3446B2A6-E004-4F2A-895E-B20688D4C101}.Release|Any CPU.ActiveCfg = Release|Any CPU
		{3446B2A6-E004-4F2A-895E-B20688D4C101}.Release|Any CPU.Build.0 = Release|Any CPU
		{2619D4F2-E40B-47A0-892D-625AE926630B}.Debug|Any CPU.ActiveCfg = Debug|Any CPU
		{2619D4F2-E40B-47A0-892D-625AE926630B}.Debug|Any CPU.Build.0 = Debug|Any CPU
		{2619D4F2-E40B-47A0-892D-625AE926630B}.Release|Any CPU.ActiveCfg = Release|Any CPU
		{2619D4F2-E40B-47A0-892D-625AE926630B}.Release|Any CPU.Build.0 = Release|Any CPU
		{48C4DBA4-544E-48BA-981F-E735ED6F8ED9}.Debug|Any CPU.ActiveCfg = Debug|Any CPU
		{48C4DBA4-544E-48BA-981F-E735ED6F8ED9}.Debug|Any CPU.Build.0 = Debug|Any CPU
		{48C4DBA4-544E-48BA-981F-E735ED6F8ED9}.Release|Any CPU.ActiveCfg = Release|Any CPU
		{48C4DBA4-544E-48BA-981F-E735ED6F8ED9}.Release|Any CPU.Build.0 = Release|Any CPU
		{59E4CC66-E39E-4A37-8A70-DEA1EEB289C0}.Debug|Any CPU.ActiveCfg = Debug|Any CPU
		{59E4CC66-E39E-4A37-8A70-DEA1EEB289C0}.Debug|Any CPU.Build.0 = Debug|Any CPU
		{59E4CC66-E39E-4A37-8A70-DEA1EEB289C0}.Release|Any CPU.ActiveCfg = Release|Any CPU
		{59E4CC66-E39E-4A37-8A70-DEA1EEB289C0}.Release|Any CPU.Build.0 = Release|Any CPU
		{0BC0D569-4BE7-49E3-ADBD-784CE8E712E9}.Debug|Any CPU.ActiveCfg = Debug|Any CPU
		{0BC0D569-4BE7-49E3-ADBD-784CE8E712E9}.Debug|Any CPU.Build.0 = Debug|Any CPU
		{0BC0D569-4BE7-49E3-ADBD-784CE8E712E9}.Release|Any CPU.ActiveCfg = Release|Any CPU
		{0BC0D569-4BE7-49E3-ADBD-784CE8E712E9}.Release|Any CPU.Build.0 = Release|Any CPU
		{5D5B0052-F558-4D4A-A2F4-BC3739F6C026}.Debug|Any CPU.ActiveCfg = Debug|Any CPU
		{5D5B0052-F558-4D4A-A2F4-BC3739F6C026}.Debug|Any CPU.Build.0 = Debug|Any CPU
		{5D5B0052-F558-4D4A-A2F4-BC3739F6C026}.Release|Any CPU.ActiveCfg = Release|Any CPU
		{5D5B0052-F558-4D4A-A2F4-BC3739F6C026}.Release|Any CPU.Build.0 = Release|Any CPU
		{9E756374-A083-495B-B85F-00F0D8382B8B}.Debug|Any CPU.ActiveCfg = Debug|Any CPU
		{9E756374-A083-495B-B85F-00F0D8382B8B}.Debug|Any CPU.Build.0 = Debug|Any CPU
		{9E756374-A083-495B-B85F-00F0D8382B8B}.Release|Any CPU.ActiveCfg = Release|Any CPU
		{9E756374-A083-495B-B85F-00F0D8382B8B}.Release|Any CPU.Build.0 = Release|Any CPU
		{1805B385-A9CA-49B0-B80A-EC2AEDFAF45E}.Debug|Any CPU.ActiveCfg = Debug|Any CPU
		{1805B385-A9CA-49B0-B80A-EC2AEDFAF45E}.Debug|Any CPU.Build.0 = Debug|Any CPU
		{1805B385-A9CA-49B0-B80A-EC2AEDFAF45E}.Release|Any CPU.ActiveCfg = Release|Any CPU
		{1805B385-A9CA-49B0-B80A-EC2AEDFAF45E}.Release|Any CPU.Build.0 = Release|Any CPU
		{6B88CD84-8F6F-7FF4-B276-4605A9FEE46F}.Debug|Any CPU.ActiveCfg = Debug|Any CPU
		{6B88CD84-8F6F-7FF4-B276-4605A9FEE46F}.Debug|Any CPU.Build.0 = Debug|Any CPU
		{6B88CD84-8F6F-7FF4-B276-4605A9FEE46F}.Release|Any CPU.ActiveCfg = Release|Any CPU
		{6B88CD84-8F6F-7FF4-B276-4605A9FEE46F}.Release|Any CPU.Build.0 = Release|Any CPU
		{39A2FA0A-03AE-35F2-6717-FE7EF7212E9C}.Debug|Any CPU.ActiveCfg = Debug|Any CPU
		{39A2FA0A-03AE-35F2-6717-FE7EF7212E9C}.Debug|Any CPU.Build.0 = Debug|Any CPU
		{39A2FA0A-03AE-35F2-6717-FE7EF7212E9C}.Release|Any CPU.ActiveCfg = Release|Any CPU
		{39A2FA0A-03AE-35F2-6717-FE7EF7212E9C}.Release|Any CPU.Build.0 = Release|Any CPU
		{106FB52D-9C09-B866-946E-BA302058827F}.Debug|Any CPU.ActiveCfg = Debug|Any CPU
		{106FB52D-9C09-B866-946E-BA302058827F}.Debug|Any CPU.Build.0 = Debug|Any CPU
		{106FB52D-9C09-B866-946E-BA302058827F}.Release|Any CPU.ActiveCfg = Release|Any CPU
		{106FB52D-9C09-B866-946E-BA302058827F}.Release|Any CPU.Build.0 = Release|Any CPU
		{D9733997-5BAC-6518-41BE-8796898A4274}.Debug|Any CPU.ActiveCfg = Debug|Any CPU
		{D9733997-5BAC-6518-41BE-8796898A4274}.Debug|Any CPU.Build.0 = Debug|Any CPU
		{D9733997-5BAC-6518-41BE-8796898A4274}.Release|Any CPU.ActiveCfg = Release|Any CPU
		{D9733997-5BAC-6518-41BE-8796898A4274}.Release|Any CPU.Build.0 = Release|Any CPU
		{836EFA5F-40DD-66D7-086B-23824FF49912}.Debug|Any CPU.ActiveCfg = Debug|Any CPU
		{836EFA5F-40DD-66D7-086B-23824FF49912}.Debug|Any CPU.Build.0 = Debug|Any CPU
		{836EFA5F-40DD-66D7-086B-23824FF49912}.Release|Any CPU.ActiveCfg = Release|Any CPU
		{836EFA5F-40DD-66D7-086B-23824FF49912}.Release|Any CPU.Build.0 = Release|Any CPU
	EndGlobalSection
	GlobalSection(SolutionProperties) = preSolution
		HideSolutionNode = FALSE
	EndGlobalSection
	GlobalSection(NestedProjects) = preSolution
		{E4825F6C-23EA-482E-B24F-4343926FF214} = {D03BF64E-80DF-4208-B7AF-3D1C8F605DC9}
		{BBA4194A-7110-443E-A1A1-1A1B6DA116C9} = {00A1A3DE-DDEF-4179-9933-8BB1D324EB66}
		{3446B2A6-E004-4F2A-895E-B20688D4C101} = {00A1A3DE-DDEF-4179-9933-8BB1D324EB66}
		{2619D4F2-E40B-47A0-892D-625AE926630B} = {00A1A3DE-DDEF-4179-9933-8BB1D324EB66}
		{48C4DBA4-544E-48BA-981F-E735ED6F8ED9} = {D03BF64E-80DF-4208-B7AF-3D1C8F605DC9}
		{59E4CC66-E39E-4A37-8A70-DEA1EEB289C0} = {8DC93F7F-9AA7-4A7F-8E20-E1886A3428EF}
		{0BC0D569-4BE7-49E3-ADBD-784CE8E712E9} = {FB354C89-5C93-4EB7-97A2-7DB9BF2A8C4C}
		{5D5B0052-F558-4D4A-A2F4-BC3739F6C026} = {02EA681E-C7D8-13C7-8484-4AC65E1B71E8}
		{9E756374-A083-495B-B85F-00F0D8382B8B} = {00A1A3DE-DDEF-4179-9933-8BB1D324EB66}
		{1805B385-A9CA-49B0-B80A-EC2AEDFAF45E} = {D03BF64E-80DF-4208-B7AF-3D1C8F605DC9}
		{6B88CD84-8F6F-7FF4-B276-4605A9FEE46F} = {FB354C89-5C93-4EB7-97A2-7DB9BF2A8C4C}
		{39A2FA0A-03AE-35F2-6717-FE7EF7212E9C} = {02EA681E-C7D8-13C7-8484-4AC65E1B71E8}
		{106FB52D-9C09-B866-946E-BA302058827F} = {FB354C89-5C93-4EB7-97A2-7DB9BF2A8C4C}
		{D9733997-5BAC-6518-41BE-8796898A4274} = {FB354C89-5C93-4EB7-97A2-7DB9BF2A8C4C}
		{836EFA5F-40DD-66D7-086B-23824FF49912} = {02EA681E-C7D8-13C7-8484-4AC65E1B71E8}
	EndGlobalSection
	GlobalSection(ExtensibilityGlobals) = postSolution
		SolutionGuid = {96B56BCB-1F4B-4319-991B-1BABA2FB5443}
	EndGlobalSection
EndGlobal
