
Microsoft Visual Studio Solution File, Format Version 12.00
# Visual Studio Version 17
VisualStudioVersion = 17.0.32014.148
MinimumVisualStudioVersion = 10.0.40219.1
Project("{2150E333-8FDC-42A3-9474-1A3956D46DE8}") = "Solution Items", "Solution Items", "{12CE1AA2-C4C3-486E-8BA4-C72A2ECC9456}"
	ProjectSection(SolutionItems) = preProject
		.editorconfig = .editorconfig
		docs\img\bindopen_icon.png = docs\img\bindopen_icon.png
		CREDITS.txt = CREDITS.txt
		docs\Current-Release-Note.md = docs\Current-Release-Note.md
		LICENSE = LICENSE
		README.md = README.md
		SOLUTION.md = SOLUTION.md
		TODO.md = TODO.md
	EndProjectSection
EndProject
Project("{9A19103F-16F7-4668-BE54-9A1E7A4F7556}") = "IO.Dtos", "src\IO.Dtos\IO.Dtos.csproj", "{0F72A99E-9D43-444A-98B5-65FE50AA0BF3}"
EndProject
Project("{9A19103F-16F7-4668-BE54-9A1E7A4F7556}") = "Data", "src\Data\Data.csproj", "{E4825F6C-23EA-482E-B24F-4343926FF214}"
EndProject
Project("{9A19103F-16F7-4668-BE54-9A1E7A4F7556}") = "Scoping.Extensions", "src\Scoping.Extensions\Scoping.Extensions.csproj", "{BBA4194A-7110-443E-A1A1-1A1B6DA116C9}"
EndProject
Project("{2150E333-8FDC-42A3-9474-1A3956D46DE8}") = "Tests", "Tests", "{929B9298-4957-41A7-A6D6-E070E285E22E}"
EndProject
Project("{9A19103F-16F7-4668-BE54-9A1E7A4F7556}") = "IO", "src\IO\IO.csproj", "{B97E5721-E4F9-438A-B44B-67E8C94C0ABC}"
EndProject
Project("{9A19103F-16F7-4668-BE54-9A1E7A4F7556}") = "Tests.IO", "tests\Tests.IO\Tests.IO.csproj", "{24DF112D-1243-46B9-A132-08F30F07C726}"
EndProject
Project("{9A19103F-16F7-4668-BE54-9A1E7A4F7556}") = "Scoping", "src\Scoping\Scoping.csproj", "{3446B2A6-E004-4F2A-895E-B20688D4C101}"
EndProject
Project("{9A19103F-16F7-4668-BE54-9A1E7A4F7556}") = "Tests", "tests\Tests\Tests.csproj", "{6421D71A-5BE6-448A-A71B-6069665F34FF}"
EndProject
Project("{9A19103F-16F7-4668-BE54-9A1E7A4F7556}") = "Scoping.Script", "src\Scoping.Script\Scoping.Script.csproj", "{2619D4F2-E40B-47A0-892D-625AE926630B}"
EndProject
Project("{9A19103F-16F7-4668-BE54-9A1E7A4F7556}") = "Abstractions", "src\Abstractions\Abstractions.csproj", "{48C4DBA4-544E-48BA-981F-E735ED6F8ED9}"
EndProject
Project("{2150E333-8FDC-42A3-9474-1A3956D46DE8}") = "Transfer", "Transfer", "{9B4625A7-5381-44E3-8751-FB33C10C5F95}"
EndProject
Project("{2150E333-8FDC-42A3-9474-1A3956D46DE8}") = "Docs", "Docs", "{8DC93F7F-9AA7-4A7F-8E20-E1886A3428EF}"
EndProject
Project("{9A19103F-16F7-4668-BE54-9A1E7A4F7556}") = "BindOpen.System.Docs", "docs\BindOpen.System.Docs.csproj", "{59E4CC66-E39E-4A37-8A70-DEA1EEB289C0}"
EndProject
Global
	GlobalSection(SolutionConfigurationPlatforms) = preSolution
		Debug|Any CPU = Debug|Any CPU
		Release|Any CPU = Release|Any CPU
	EndGlobalSection
	GlobalSection(ProjectConfigurationPlatforms) = postSolution
		{0F72A99E-9D43-444A-98B5-65FE50AA0BF3}.Debug|Any CPU.ActiveCfg = Debug|Any CPU
		{0F72A99E-9D43-444A-98B5-65FE50AA0BF3}.Debug|Any CPU.Build.0 = Debug|Any CPU
		{0F72A99E-9D43-444A-98B5-65FE50AA0BF3}.Release|Any CPU.ActiveCfg = Release|Any CPU
		{0F72A99E-9D43-444A-98B5-65FE50AA0BF3}.Release|Any CPU.Build.0 = Release|Any CPU
		{E4825F6C-23EA-482E-B24F-4343926FF214}.Debug|Any CPU.ActiveCfg = Debug|Any CPU
		{E4825F6C-23EA-482E-B24F-4343926FF214}.Debug|Any CPU.Build.0 = Debug|Any CPU
		{E4825F6C-23EA-482E-B24F-4343926FF214}.Release|Any CPU.ActiveCfg = Release|Any CPU
		{E4825F6C-23EA-482E-B24F-4343926FF214}.Release|Any CPU.Build.0 = Release|Any CPU
		{BBA4194A-7110-443E-A1A1-1A1B6DA116C9}.Debug|Any CPU.ActiveCfg = Debug|Any CPU
		{BBA4194A-7110-443E-A1A1-1A1B6DA116C9}.Debug|Any CPU.Build.0 = Debug|Any CPU
		{BBA4194A-7110-443E-A1A1-1A1B6DA116C9}.Release|Any CPU.ActiveCfg = Release|Any CPU
		{BBA4194A-7110-443E-A1A1-1A1B6DA116C9}.Release|Any CPU.Build.0 = Release|Any CPU
		{B97E5721-E4F9-438A-B44B-67E8C94C0ABC}.Debug|Any CPU.ActiveCfg = Debug|Any CPU
		{B97E5721-E4F9-438A-B44B-67E8C94C0ABC}.Debug|Any CPU.Build.0 = Debug|Any CPU
		{B97E5721-E4F9-438A-B44B-67E8C94C0ABC}.Release|Any CPU.ActiveCfg = Release|Any CPU
		{B97E5721-E4F9-438A-B44B-67E8C94C0ABC}.Release|Any CPU.Build.0 = Release|Any CPU
		{24DF112D-1243-46B9-A132-08F30F07C726}.Debug|Any CPU.ActiveCfg = Debug|Any CPU
		{24DF112D-1243-46B9-A132-08F30F07C726}.Debug|Any CPU.Build.0 = Debug|Any CPU
		{24DF112D-1243-46B9-A132-08F30F07C726}.Release|Any CPU.ActiveCfg = Release|Any CPU
		{24DF112D-1243-46B9-A132-08F30F07C726}.Release|Any CPU.Build.0 = Release|Any CPU
		{3446B2A6-E004-4F2A-895E-B20688D4C101}.Debug|Any CPU.ActiveCfg = Debug|Any CPU
		{3446B2A6-E004-4F2A-895E-B20688D4C101}.Debug|Any CPU.Build.0 = Debug|Any CPU
		{3446B2A6-E004-4F2A-895E-B20688D4C101}.Release|Any CPU.ActiveCfg = Release|Any CPU
		{3446B2A6-E004-4F2A-895E-B20688D4C101}.Release|Any CPU.Build.0 = Release|Any CPU
		{6421D71A-5BE6-448A-A71B-6069665F34FF}.Debug|Any CPU.ActiveCfg = Debug|Any CPU
		{6421D71A-5BE6-448A-A71B-6069665F34FF}.Debug|Any CPU.Build.0 = Debug|Any CPU
		{6421D71A-5BE6-448A-A71B-6069665F34FF}.Release|Any CPU.ActiveCfg = Release|Any CPU
		{6421D71A-5BE6-448A-A71B-6069665F34FF}.Release|Any CPU.Build.0 = Release|Any CPU
		{2619D4F2-E40B-47A0-892D-625AE926630B}.Debug|Any CPU.ActiveCfg = Debug|Any CPU
		{2619D4F2-E40B-47A0-892D-625AE926630B}.Debug|Any CPU.Build.0 = Debug|Any CPU
		{2619D4F2-E40B-47A0-892D-625AE926630B}.Release|Any CPU.ActiveCfg = Release|Any CPU
		{2619D4F2-E40B-47A0-892D-625AE926630B}.Release|Any CPU.Build.0 = Release|Any CPU
		{48C4DBA4-544E-48BA-981F-E735ED6F8ED9}.Debug|Any CPU.ActiveCfg = Debug|Any CPU
		{48C4DBA4-544E-48BA-981F-E735ED6F8ED9}.Debug|Any CPU.Build.0 = Debug|Any CPU
		{48C4DBA4-544E-48BA-981F-E735ED6F8ED9}.Release|Any CPU.ActiveCfg = Release|Any CPU
		{48C4DBA4-544E-48BA-981F-E735ED6F8ED9}.Release|Any CPU.Build.0 = Release|Any CPU
		{59E4CC66-E39E-4A37-8A70-DEA1EEB289C0}.Debug|Any CPU.ActiveCfg = Debug|Any CPU
		{59E4CC66-E39E-4A37-8A70-DEA1EEB289C0}.Debug|Any CPU.Build.0 = Debug|Any CPU
		{59E4CC66-E39E-4A37-8A70-DEA1EEB289C0}.Release|Any CPU.ActiveCfg = Release|Any CPU
		{59E4CC66-E39E-4A37-8A70-DEA1EEB289C0}.Release|Any CPU.Build.0 = Release|Any CPU
	EndGlobalSection
	GlobalSection(SolutionProperties) = preSolution
		HideSolutionNode = FALSE
	EndGlobalSection
	GlobalSection(NestedProjects) = preSolution
		{0F72A99E-9D43-444A-98B5-65FE50AA0BF3} = {9B4625A7-5381-44E3-8751-FB33C10C5F95}
		{B97E5721-E4F9-438A-B44B-67E8C94C0ABC} = {9B4625A7-5381-44E3-8751-FB33C10C5F95}
		{24DF112D-1243-46B9-A132-08F30F07C726} = {929B9298-4957-41A7-A6D6-E070E285E22E}
		{6421D71A-5BE6-448A-A71B-6069665F34FF} = {929B9298-4957-41A7-A6D6-E070E285E22E}
		{59E4CC66-E39E-4A37-8A70-DEA1EEB289C0} = {8DC93F7F-9AA7-4A7F-8E20-E1886A3428EF}
	EndGlobalSection
	GlobalSection(ExtensibilityGlobals) = postSolution
		SolutionGuid = {96B56BCB-1F4B-4319-991B-1BABA2FB5443}
	EndGlobalSection
EndGlobal
