
Microsoft Visual Studio Solution File, Format Version 12.00
# Visual Studio Version 16
VisualStudioVersion = 16.0.29326.143
MinimumVisualStudioVersion = 10.0.40219.1
Project("{9A19103F-16F7-4668-BE54-9A1E7A4F7556}") = "Framework.Docs", "docs\Framework.Docs.csproj", "{B4B8BA0C-2308-41DA-816A-BD2ACB350E6F}"
EndProject
Global
	GlobalSection(SolutionConfigurationPlatforms) = preSolution
		Debug|Any CPU = Debug|Any CPU
		Release|Any CPU = Release|Any CPU
	EndGlobalSection
	GlobalSection(ProjectConfigurationPlatforms) = postSolution
		{CF327845-E333-4F48-A675-CF70BEC66A28}.Debug|Any CPU.ActiveCfg = Debug|Any CPU
		{CF327845-E333-4F48-A675-CF70BEC66A28}.Debug|Any CPU.Build.0 = Debug|Any CPU
		{CF327845-E333-4F48-A675-CF70BEC66A28}.Release|Any CPU.ActiveCfg = Release|Any CPU
		{CF327845-E333-4F48-A675-CF70BEC66A28}.Release|Any CPU.Build.0 = Release|Any CPU
		{77379760-7460-46DA-9972-CA1CDA45A5B2}.Debug|Any CPU.ActiveCfg = Debug|Any CPU
		{77379760-7460-46DA-9972-CA1CDA45A5B2}.Debug|Any CPU.Build.0 = Debug|Any CPU
		{77379760-7460-46DA-9972-CA1CDA45A5B2}.Release|Any CPU.ActiveCfg = Release|Any CPU
		{77379760-7460-46DA-9972-CA1CDA45A5B2}.Release|Any CPU.Build.0 = Release|Any CPU
		{30983F88-56A8-48CF-ADC4-F632E0934D0B}.Debug|Any CPU.ActiveCfg = Debug|Any CPU
		{30983F88-56A8-48CF-ADC4-F632E0934D0B}.Debug|Any CPU.Build.0 = Debug|Any CPU
		{30983F88-56A8-48CF-ADC4-F632E0934D0B}.Release|Any CPU.ActiveCfg = Release|Any CPU
		{30983F88-56A8-48CF-ADC4-F632E0934D0B}.Release|Any CPU.Build.0 = Release|Any CPU
		{21AE937B-02C7-4989-99E2-17603D91407E}.Debug|Any CPU.ActiveCfg = Debug|Any CPU
		{21AE937B-02C7-4989-99E2-17603D91407E}.Debug|Any CPU.Build.0 = Debug|Any CPU
		{21AE937B-02C7-4989-99E2-17603D91407E}.Release|Any CPU.ActiveCfg = Release|Any CPU
		{21AE937B-02C7-4989-99E2-17603D91407E}.Release|Any CPU.Build.0 = Release|Any CPU
		{9F26E460-F6C2-4A23-B4D5-B130A8387BB0}.Debug|Any CPU.ActiveCfg = Debug|Any CPU
		{9F26E460-F6C2-4A23-B4D5-B130A8387BB0}.Debug|Any CPU.Build.0 = Debug|Any CPU
		{9F26E460-F6C2-4A23-B4D5-B130A8387BB0}.Release|Any CPU.ActiveCfg = Release|Any CPU
		{9F26E460-F6C2-4A23-B4D5-B130A8387BB0}.Release|Any CPU.Build.0 = Release|Any CPU
		{1670A798-64E6-46B5-BC33-121F4CB81CA6}.Debug|Any CPU.ActiveCfg = Debug|Any CPU
		{1670A798-64E6-46B5-BC33-121F4CB81CA6}.Debug|Any CPU.Build.0 = Debug|Any CPU
		{1670A798-64E6-46B5-BC33-121F4CB81CA6}.Release|Any CPU.ActiveCfg = Release|Any CPU
		{1670A798-64E6-46B5-BC33-121F4CB81CA6}.Release|Any CPU.Build.0 = Release|Any CPU
		{D36131E0-5E33-4CE5-A3EB-9127409F456D}.Debug|Any CPU.ActiveCfg = Debug|Any CPU
		{D36131E0-5E33-4CE5-A3EB-9127409F456D}.Debug|Any CPU.Build.0 = Debug|Any CPU
		{D36131E0-5E33-4CE5-A3EB-9127409F456D}.Release|Any CPU.ActiveCfg = Release|Any CPU
		{D36131E0-5E33-4CE5-A3EB-9127409F456D}.Release|Any CPU.Build.0 = Release|Any CPU
		{2364BACA-D4AC-4333-8162-8A173AB2C776}.Debug|Any CPU.ActiveCfg = Debug|Any CPU
		{2364BACA-D4AC-4333-8162-8A173AB2C776}.Debug|Any CPU.Build.0 = Debug|Any CPU
		{2364BACA-D4AC-4333-8162-8A173AB2C776}.Release|Any CPU.ActiveCfg = Release|Any CPU
		{2364BACA-D4AC-4333-8162-8A173AB2C776}.Release|Any CPU.Build.0 = Release|Any CPU
		{B4B8BA0C-2308-41DA-816A-BD2ACB350E6F}.Debug|Any CPU.ActiveCfg = Debug|Any CPU
		{B4B8BA0C-2308-41DA-816A-BD2ACB350E6F}.Debug|Any CPU.Build.0 = Debug|Any CPU
		{B4B8BA0C-2308-41DA-816A-BD2ACB350E6F}.Release|Any CPU.ActiveCfg = Release|Any CPU
		{B4B8BA0C-2308-41DA-816A-BD2ACB350E6F}.Release|Any CPU.Build.0 = Release|Any CPU
	EndGlobalSection
	GlobalSection(SolutionProperties) = preSolution
		HideSolutionNode = FALSE
	EndGlobalSection
	GlobalSection(NestedProjects) = preSolution
		{CF327845-E333-4F48-A675-CF70BEC66A28} = {C8B9BD16-2BDA-4842-9B67-1A15F00B6D7A}
		{77379760-7460-46DA-9972-CA1CDA45A5B2} = {C8B9BD16-2BDA-4842-9B67-1A15F00B6D7A}
		{30983F88-56A8-48CF-ADC4-F632E0934D0B} = {C8B9BD16-2BDA-4842-9B67-1A15F00B6D7A}
		{21AE937B-02C7-4989-99E2-17603D91407E} = {EDB5A28D-7284-4EB4-880C-BC2E5197F10E}
		{9F26E460-F6C2-4A23-B4D5-B130A8387BB0} = {EDB5A28D-7284-4EB4-880C-BC2E5197F10E}
		{1670A798-64E6-46B5-BC33-121F4CB81CA6} = {EDB5A28D-7284-4EB4-880C-BC2E5197F10E}
		{D36131E0-5E33-4CE5-A3EB-9127409F456D} = {8E4D426B-B372-49E6-A134-6AD26E946DD4}
		{2364BACA-D4AC-4333-8162-8A173AB2C776} = {8879AC0E-CD07-4FC9-B61B-743F1DB2F9A4}
		{B4B8BA0C-2308-41DA-816A-BD2ACB350E6F} = {12CE1AA2-C4C3-486E-8BA4-C72A2ECC9456}
	EndGlobalSection
	GlobalSection(ExtensibilityGlobals) = postSolution
		SolutionGuid = {96B56BCB-1F4B-4319-991B-1BABA2FB5443}
	EndGlobalSection
EndGlobal
